
Microsoft Visual Studio Solution File, Format Version 12.00
# Visual Studio Version 17
VisualStudioVersion = 17.11.35327.3
MinimumVisualStudioVersion = 10.0.40219.1
Project("{9A19103F-16F7-4668-BE54-9A1E7A4F7556}") = "BankingManager.Server", "BankingManager.Server\BankingManager.Server.csproj", "{28427C4C-F0B8-4796-9F5A-492964B174DA}"
EndProject
Project("{54A90642-561A-4BB1-A94E-469ADEE60C69}") = "bankingmanager.client", "bankingmanager.client\bankingmanager.client.esproj", "{C6430114-610F-4973-8434-B0D7363D7B12}"
EndProject
Project("{FAE04EC0-301F-11D3-BF4B-00C04F79EFBC}") = "BankingManager.Database", "BankingManager.Database\BankingManager.Database.csproj", "{A7822686-664C-4CAA-B1C8-B388D17E543B}"
EndProject
Project("{FAE04EC0-301F-11D3-BF4B-00C04F79EFBC}") = "BankingManager.Services", "BankingManager.Services\BankingManager.Services.csproj", "{39038F41-C486-43BE-8754-352264347B20}"
EndProject
Global
	GlobalSection(SolutionConfigurationPlatforms) = preSolution
		Debug|Any CPU = Debug|Any CPU
		Release|Any CPU = Release|Any CPU
	EndGlobalSection
	GlobalSection(ProjectConfigurationPlatforms) = postSolution
		{28427C4C-F0B8-4796-9F5A-492964B174DA}.Debug|Any CPU.ActiveCfg = Debug|Any CPU
		{28427C4C-F0B8-4796-9F5A-492964B174DA}.Debug|Any CPU.Build.0 = Debug|Any CPU
		{28427C4C-F0B8-4796-9F5A-492964B174DA}.Release|Any CPU.ActiveCfg = Release|Any CPU
		{28427C4C-F0B8-4796-9F5A-492964B174DA}.Release|Any CPU.Build.0 = Release|Any CPU
		{C6430114-610F-4973-8434-B0D7363D7B12}.Debug|Any CPU.ActiveCfg = Debug|Any CPU
		{C6430114-610F-4973-8434-B0D7363D7B12}.Debug|Any CPU.Build.0 = Debug|Any CPU
		{C6430114-610F-4973-8434-B0D7363D7B12}.Debug|Any CPU.Deploy.0 = Debug|Any CPU
		{C6430114-610F-4973-8434-B0D7363D7B12}.Release|Any CPU.ActiveCfg = Release|Any CPU
		{C6430114-610F-4973-8434-B0D7363D7B12}.Release|Any CPU.Build.0 = Release|Any CPU
		{C6430114-610F-4973-8434-B0D7363D7B12}.Release|Any CPU.Deploy.0 = Release|Any CPU
		{A7822686-664C-4CAA-B1C8-B388D17E543B}.Debug|Any CPU.ActiveCfg = Debug|Any CPU
		{A7822686-664C-4CAA-B1C8-B388D17E543B}.Debug|Any CPU.Build.0 = Debug|Any CPU
		{A7822686-664C-4CAA-B1C8-B388D17E543B}.Release|Any CPU.ActiveCfg = Release|Any CPU
		{A7822686-664C-4CAA-B1C8-B388D17E543B}.Release|Any CPU.Build.0 = Release|Any CPU
		{39038F41-C486-43BE-8754-352264347B20}.Debug|Any CPU.ActiveCfg = Debug|Any CPU
		{39038F41-C486-43BE-8754-352264347B20}.Debug|Any CPU.Build.0 = Debug|Any CPU
		{39038F41-C486-43BE-8754-352264347B20}.Release|Any CPU.ActiveCfg = Release|Any CPU
		{39038F41-C486-43BE-8754-352264347B20}.Release|Any CPU.Build.0 = Release|Any CPU
	EndGlobalSection
	GlobalSection(SolutionProperties) = preSolution
		HideSolutionNode = FALSE
	EndGlobalSection
	GlobalSection(ExtensibilityGlobals) = postSolution
		SolutionGuid = {C222E64D-1E35-4CD0-BEF9-3DFC9A85FCFD}
	EndGlobalSection
EndGlobal
